
Microsoft Visual Studio Solution File, Format Version 12.00
# Visual Studio Version 17
VisualStudioVersion = 17.3.32825.248
MinimumVisualStudioVersion = 10.0.40219.1
Project("{FAE04EC0-301F-11D3-BF4B-00C04F79EFBC}") = "ProcessToFullscreen", "ProcessToFullscreen\ProcessToFullscreen.csproj", "{2B038C63-1DD4-4F03-871D-F31DB7FED3EC}"
EndProject
Global
	GlobalSection(SolutionConfigurationPlatforms) = preSolution
		Debug|Any CPU = Debug|Any CPU
		Release|Any CPU = Release|Any CPU
	EndGlobalSection
	GlobalSection(ProjectConfigurationPlatforms) = postSolution
		{2B038C63-1DD4-4F03-871D-F31DB7FED3EC}.Debug|Any CPU.ActiveCfg = Debug|Any CPU
		{2B038C63-1DD4-4F03-871D-F31DB7FED3EC}.Debug|Any CPU.Build.0 = Debug|Any CPU
		{2B038C63-1DD4-4F03-871D-F31DB7FED3EC}.Release|Any CPU.ActiveCfg = Release|Any CPU
		{2B038C63-1DD4-4F03-871D-F31DB7FED3EC}.Release|Any CPU.Build.0 = Release|Any CPU
	EndGlobalSection
	GlobalSection(SolutionProperties) = preSolution
		HideSolutionNode = FALSE
	EndGlobalSection
	GlobalSection(ExtensibilityGlobals) = postSolution
		SolutionGuid = {AC37ABEE-2951-41DB-9CFF-896F0C1D0940}
	EndGlobalSection
EndGlobal
